
Microsoft Visual Studio Solution File, Format Version 12.00
# Visual Studio Version 17
VisualStudioVersion = 17.1.32104.313
MinimumVisualStudioVersion = 10.0.40219.1
Project("{9A19103F-16F7-4668-BE54-9A1E7A4F7556}") = "SimpleCore", "SimpleCore\SimpleCore.csproj", "{A46F1F83-D0B3-4774-AA98-0FFC4A0FCD5F}"
EndProject
Project("{9A19103F-16F7-4668-BE54-9A1E7A4F7556}") = "SimpleCore.Components", "SimpleCore.Components\SimpleCore.Components.csproj", "{2C23F7D2-6617-40D9-906F-3BDEEB923388}"
EndProject
Project("{FAE04EC0-301F-11D3-BF4B-00C04F79EFBC}") = "SimpleCore.Mongo", "SimpleCore.Mongo\SimpleCore.Mongo.csproj", "{F112EE65-521D-409F-AF33-048BDA0E9728}"
EndProject
Global
	GlobalSection(SolutionConfigurationPlatforms) = preSolution
		Debug|Any CPU = Debug|Any CPU
		Release|Any CPU = Release|Any CPU
	EndGlobalSection
	GlobalSection(ProjectConfigurationPlatforms) = postSolution
		{A46F1F83-D0B3-4774-AA98-0FFC4A0FCD5F}.Debug|Any CPU.ActiveCfg = Debug|Any CPU
		{A46F1F83-D0B3-4774-AA98-0FFC4A0FCD5F}.Debug|Any CPU.Build.0 = Debug|Any CPU
		{A46F1F83-D0B3-4774-AA98-0FFC4A0FCD5F}.Release|Any CPU.ActiveCfg = Release|Any CPU
		{A46F1F83-D0B3-4774-AA98-0FFC4A0FCD5F}.Release|Any CPU.Build.0 = Release|Any CPU
		{2C23F7D2-6617-40D9-906F-3BDEEB923388}.Debug|Any CPU.ActiveCfg = Debug|Any CPU
		{2C23F7D2-6617-40D9-906F-3BDEEB923388}.Debug|Any CPU.Build.0 = Debug|Any CPU
		{2C23F7D2-6617-40D9-906F-3BDEEB923388}.Release|Any CPU.ActiveCfg = Release|Any CPU
		{2C23F7D2-6617-40D9-906F-3BDEEB923388}.Release|Any CPU.Build.0 = Release|Any CPU
		{F112EE65-521D-409F-AF33-048BDA0E9728}.Debug|Any CPU.ActiveCfg = Debug|Any CPU
		{F112EE65-521D-409F-AF33-048BDA0E9728}.Debug|Any CPU.Build.0 = Debug|Any CPU
		{F112EE65-521D-409F-AF33-048BDA0E9728}.Release|Any CPU.ActiveCfg = Release|Any CPU
		{F112EE65-521D-409F-AF33-048BDA0E9728}.Release|Any CPU.Build.0 = Release|Any CPU
	EndGlobalSection
	GlobalSection(SolutionProperties) = preSolution
		HideSolutionNode = FALSE
	EndGlobalSection
	GlobalSection(ExtensibilityGlobals) = postSolution
		SolutionGuid = {836AEA79-75E4-482A-B5F6-AA8BEDD8B1F3}
	EndGlobalSection
EndGlobal
